{
  "name": "cloudwatch-papertrail-lambda",
  "version": "1.0.0",
  "lockfileVersion": 1,
  "requires": true,
  "dependencies": {
    "@types/aws-lambda": {
      "version": "0.0.23",
      "resolved": "https://registry.npmjs.org/@types/aws-lambda/-/aws-lambda-0.0.23.tgz",
      "integrity": "sha512-vmdlXJqGAM4OQDMA3GoqC0jqokHLVy11YQsrFRScRffpuxQ4NX+ni1IBidwIb+fxCgM6aoTClDgNhlNfsygP7w==",
      "dev": true
    },
    "@types/node": {
      "version": "8.5.1",
      "resolved": "https://registry.npmjs.org/@types/node/-/node-8.5.1.tgz",
      "integrity": "sha512-SrmAO+NhnsuG/6TychSl2VdxBZiw/d6V+8j+DFo8O3PwFi+QeYXWHhAw+b170aSc6zYab6/PjEWRZHIDN9mNUw==",
      "dev": true
    },
    "@types/winston": {
      "version": "2.3.7",
      "resolved": "https://registry.npmjs.org/@types/winston/-/winston-2.3.7.tgz",
      "integrity": "sha512-jNhbkxPtt9xbzvihfA0OavjJbpCIyTDSmwE03BVXgCKcz9lwNsq4cg2wsNkY4Av5eH35ttBArhYtVJa6CIrg2A==",
      "dev": true,
      "requires": {
        "@types/node": "8.5.1"
      }
    },
    "async": {
      "version": "1.0.0",
      "resolved": "https://registry.npmjs.org/async/-/async-1.0.0.tgz",
      "integrity": "sha1-+PwEyjoTeErenhZBr5hXjPvWR6k=",
      "dev": true
    },
    "colors": {
      "version": "1.0.3",
      "resolved": "https://registry.npmjs.org/colors/-/colors-1.0.3.tgz",
      "integrity": "sha1-BDP0TYCWgP3rYO0mDxsMJi6CpAs=",
      "dev": true
    },
    "cycle": {
      "version": "1.0.3",
      "resolved": "https://registry.npmjs.org/cycle/-/cycle-1.0.3.tgz",
      "integrity": "sha1-IegLK+hYD5i0aPN5QwZisEbDStI=",
      "dev": true
    },
    "eyes": {
      "version": "0.1.8",
      "resolved": "https://registry.npmjs.org/eyes/-/eyes-0.1.8.tgz",
      "integrity": "sha1-Ys8SAjTGg3hdkCNIqADvPgzCC8A=",
      "dev": true
    },
    "glossy": {
      "version": "0.1.7",
      "resolved": "https://registry.npmjs.org/glossy/-/glossy-0.1.7.tgz",
      "integrity": "sha1-dptZhKlvYGarnqdYIkgl7mwhDws=",
      "dev": true
    },
    "isstream": {
      "version": "0.1.2",
      "resolved": "https://registry.npmjs.org/isstream/-/isstream-0.1.2.tgz",
      "integrity": "sha1-R+Y/evVa+m+S4VAOaQ64uFKcCZo=",
      "dev": true
    },
    "stack-trace": {
      "version": "0.0.10",
      "resolved": "https://registry.npmjs.org/stack-trace/-/stack-trace-0.0.10.tgz",
      "integrity": "sha1-VHxws0fo0ytOEI6hoqFZ5f3eGcA=",
      "dev": true
    },
    "typescript": {
      "version": "2.6.2",
      "resolved": "https://registry.npmjs.org/typescript/-/typescript-2.6.2.tgz",
      "integrity": "sha1-PFtv1/beCRQmkCfwPAlGdY92c6Q=",
      "dev": true
    },
    "winston": {
      "version": "2.4.0",
      "resolved": "https://registry.npmjs.org/winston/-/winston-2.4.0.tgz",
      "integrity": "sha1-gIBQuT1SZh7Z+2wms/DIJnCLCu4=",
      "dev": true,
      "requires": {
        "async": "1.0.0",
        "colors": "1.0.3",
        "cycle": "1.0.3",
        "eyes": "0.1.8",
        "isstream": "0.1.2",
        "stack-trace": "0.0.10"
      }
    },
    "winston-papertrail": {
      "version": "1.0.5",
      "resolved": "https://registry.npmjs.org/winston-papertrail/-/winston-papertrail-1.0.5.tgz",
      "integrity": "sha1-VKI7FuUEZlK/aHs33IAnFL/UYsk=",
      "dev": true,
      "requires": {
        "glossy": "0.1.7"
      }
    }
  }
}
